{
  "nodes": {
    "nixpkgs": {
      "locked": {
        "lastModified": 1675848462,
        "narHash": "sha256-RiM9B55RcuZzSpdLBW/QoitOUju1CemZO4h7hntdvYU=",
        "owner": "NixOS",
        "repo": "nixpkgs",
        "rev": "2f04861c8ad1aaa69d532f34b63bb03da9912ae7",
        "type": "github"
      },
      "original": {
        "owner": "NixOS",
        "ref": "nixpkgs-unstable",
        "repo": "nixpkgs",
        "type": "github"
      }
    },
    "root": {
      "inputs": {
        "nixpkgs": "nixpkgs"
      }
    }
  },
  "root": "root",
  "version": 7
}
