{
  "nodes": {
    "nixpkgs": {
      "locked": {
        "lastModified": 1660227034,
        "narHash": "sha256-bXMlG/YU0IjAod6M625XT1YbUG+/3L9ypk9llYpKeuM=",
        "owner": "NixOS",
        "repo": "nixpkgs",
        "rev": "964d60ff2e6bc76c0618962da52859603784fa78",
        "type": "github"
      },
      "original": {
        "owner": "NixOS",
        "ref": "nixpkgs-unstable",
        "repo": "nixpkgs",
        "type": "github"
      }
    },
    "root": {
      "inputs": {
        "nixpkgs": "nixpkgs"
      }
    }
  },
  "root": "root",
  "version": 7
}
